# This file is autogenerated, do not edit; changes may be undone by the next 'dep ensure'.


[[projects]]
  name = "github.com/d4l3k/messagediff"
  packages = ["."]
  revision = "29f32d820d112dbd66e58492a6ffb7cc3106312b"
  version = "v1.2.1"

[[projects]]
  name = "github.com/gogo/protobuf"
  packages = [
    "proto",
    "protoc-gen-gogo/descriptor"
  ]
  revision = "1adfc126b41513cc696b209667c8656ea7aac67c"
  version = "v1.0.0"

[[projects]]
  branch = "master"
  name = "github.com/golang/geo"
  packages = [
    "r3",
    "s1"
  ]
  revision = "fb250ae94fbe10f86b4f1a9b70a19925da3410b9"

[[projects]]
  name = "github.com/golang/protobuf"
  packages = ["proto"]
  revision = "925541529c1fa6821df4e44ce2723319eb2be768"
  version = "v1.0.0"

[[projects]]
  name = "github.com/markus-wa/demoinfocs-golang"
  packages = [
    ".",
    "bitread",
    "common",
    "events",
    "msg",
    "sendtables"
  ]
  revision = "ab3bb038bfd84a30606e00a35d3a5a16f7871276"
  version = "v0.2.0"

[[projects]]
  name = "github.com/markus-wa/gobitread"
  packages = ["."]
  revision = "230b936c907bedcb0ce506c1daa63b68621bcf45"
  version = "v0.1.0"

[[projects]]
  name = "github.com/markus-wa/godispatch"
  packages = ["."]
  revision = "f4048bc8abcffe7f94eb7bd8f450f7e5480164cf"
  version = "v1.0.0"

[[projects]]
  branch = "master"
  name = "github.com/vishalkuo/bimap"
  packages = ["."]
  revision = "d9ac968909ab3838cf035bc1be4534f25840eb88"

[[projects]]
  branch = "master"
  name = "golang.org/x/net"
  packages = ["context"]
  revision = "a35a21de978d84ffc92f010a153705b170b2f9d1"

[[projects]]
  name = "google.golang.org/appengine"
  packages = [
    ".",
    "datastore",
    "internal",
    "internal/app_identity",
    "internal/base",
    "internal/datastore",
    "internal/log",
    "internal/modules",
    "internal/remote_api"
  ]
  revision = "150dc57a1b433e64154302bdc40b6bb8aefa313a"
  version = "v1.0.0"

[[projects]]
  name = "gopkg.in/vmihailenco/msgpack.v2"
  packages = [
    ".",
    "codes"
  ]
  revision = "f4f8982de4ef0de18be76456617cc3f5d8d8141e"
  version = "v2.9.1"

[solve-meta]
  analyzer-name = "dep"
  analyzer-version = 1
  inputs-digest = "05c424cff475fbb544593455ec40023cb93c3214adf44ce3fc589e701ee56190"
  solver-name = "gps-cdcl"
  solver-version = 1
